
Microsoft Visual Studio Solution File, Format Version 12.00
# Visual Studio Version 17
VisualStudioVersion = 17.0.31903.59
MinimumVisualStudioVersion = 10.0.40219.1
Project("{FAE04EC0-301F-11D3-BF4B-00C04F79EFBC}") = "CRUD-CQRS.WebAPI", "Web API\CRUD-CQRS.WebAPI.csproj", "{3BA3FF9C-3F8D-465C-BC88-C9C3C1A5F1B7}"
EndProject
Project("{2150E333-8FDC-42A3-9474-1A3956D46DE8}") = "src", "src", "{D82FD7AC-3D9F-49A9-A364-097369BE05DD}"
EndProject
Project("{2150E333-8FDC-42A3-9474-1A3956D46DE8}") = "test", "test", "{829145B9-34DD-447F-AA42-D19CF503A0EF}"
EndProject
Project("{FAE04EC0-301F-11D3-BF4B-00C04F79EFBC}") = "CRUD-CQRS.Test.Application", "CRUD-CQRS.Test.Application\CRUD-CQRS.Test.Application.csproj", "{4C70B510-3A8E-45FD-8EBA-CE19BBD0BB01}"
EndProject
Project("{FAE04EC0-301F-11D3-BF4B-00C04F79EFBC}") = "CRUD-CQRS.Domain", "CRUD-CQRS.Domain\CRUD-CQRS.Domain.csproj", "{0FE0F464-96E1-4756-85B1-3DA07AB7D11D}"
EndProject
Project("{FAE04EC0-301F-11D3-BF4B-00C04F79EFBC}") = "CRUD-CQRS.Infrastructure", "CRUD-CQRS.Infrastructure\CRUD-CQRS.Infrastructure.csproj", "{6BFA7251-24C8-409B-84B4-E9719BD1E78B}"
EndProject
Project("{FAE04EC0-301F-11D3-BF4B-00C04F79EFBC}") = "Service", "Service\Service.csproj", "{8FC2222C-0A6A-495A-843D-2D2403A3B50C}"
EndProject
Global
	GlobalSection(SolutionConfigurationPlatforms) = preSolution
		Debug|Any CPU = Debug|Any CPU
		Release|Any CPU = Release|Any CPU
	EndGlobalSection
	GlobalSection(ProjectConfigurationPlatforms) = postSolution
		{3BA3FF9C-3F8D-465C-BC88-C9C3C1A5F1B7}.Debug|Any CPU.ActiveCfg = Debug|Any CPU
		{3BA3FF9C-3F8D-465C-BC88-C9C3C1A5F1B7}.Debug|Any CPU.Build.0 = Debug|Any CPU
		{3BA3FF9C-3F8D-465C-BC88-C9C3C1A5F1B7}.Release|Any CPU.ActiveCfg = Release|Any CPU
		{3BA3FF9C-3F8D-465C-BC88-C9C3C1A5F1B7}.Release|Any CPU.Build.0 = Release|Any CPU
		{4C70B510-3A8E-45FD-8EBA-CE19BBD0BB01}.Debug|Any CPU.ActiveCfg = Debug|Any CPU
		{4C70B510-3A8E-45FD-8EBA-CE19BBD0BB01}.Debug|Any CPU.Build.0 = Debug|Any CPU
		{4C70B510-3A8E-45FD-8EBA-CE19BBD0BB01}.Release|Any CPU.ActiveCfg = Release|Any CPU
		{4C70B510-3A8E-45FD-8EBA-CE19BBD0BB01}.Release|Any CPU.Build.0 = Release|Any CPU
		{0FE0F464-96E1-4756-85B1-3DA07AB7D11D}.Debug|Any CPU.ActiveCfg = Debug|Any CPU
		{0FE0F464-96E1-4756-85B1-3DA07AB7D11D}.Debug|Any CPU.Build.0 = Debug|Any CPU
		{0FE0F464-96E1-4756-85B1-3DA07AB7D11D}.Release|Any CPU.ActiveCfg = Release|Any CPU
		{0FE0F464-96E1-4756-85B1-3DA07AB7D11D}.Release|Any CPU.Build.0 = Release|Any CPU
		{6BFA7251-24C8-409B-84B4-E9719BD1E78B}.Debug|Any CPU.ActiveCfg = Debug|Any CPU
		{6BFA7251-24C8-409B-84B4-E9719BD1E78B}.Debug|Any CPU.Build.0 = Debug|Any CPU
		{6BFA7251-24C8-409B-84B4-E9719BD1E78B}.Release|Any CPU.ActiveCfg = Release|Any CPU
		{6BFA7251-24C8-409B-84B4-E9719BD1E78B}.Release|Any CPU.Build.0 = Release|Any CPU
		{8FC2222C-0A6A-495A-843D-2D2403A3B50C}.Debug|Any CPU.ActiveCfg = Debug|Any CPU
		{8FC2222C-0A6A-495A-843D-2D2403A3B50C}.Debug|Any CPU.Build.0 = Debug|Any CPU
		{8FC2222C-0A6A-495A-843D-2D2403A3B50C}.Release|Any CPU.ActiveCfg = Release|Any CPU
		{8FC2222C-0A6A-495A-843D-2D2403A3B50C}.Release|Any CPU.Build.0 = Release|Any CPU
	EndGlobalSection
	GlobalSection(SolutionProperties) = preSolution
		HideSolutionNode = FALSE
	EndGlobalSection
	GlobalSection(NestedProjects) = preSolution
		{3BA3FF9C-3F8D-465C-BC88-C9C3C1A5F1B7} = {D82FD7AC-3D9F-49A9-A364-097369BE05DD}
		{4C70B510-3A8E-45FD-8EBA-CE19BBD0BB01} = {829145B9-34DD-447F-AA42-D19CF503A0EF}
		{0FE0F464-96E1-4756-85B1-3DA07AB7D11D} = {D82FD7AC-3D9F-49A9-A364-097369BE05DD}
		{6BFA7251-24C8-409B-84B4-E9719BD1E78B} = {D82FD7AC-3D9F-49A9-A364-097369BE05DD}
		{8FC2222C-0A6A-495A-843D-2D2403A3B50C} = {D82FD7AC-3D9F-49A9-A364-097369BE05DD}
	EndGlobalSection
	GlobalSection(ExtensibilityGlobals) = postSolution
		SolutionGuid = {1F06F4DD-DE0D-485D-8823-5DBEFDBD0E66}
	EndGlobalSection
EndGlobal
